
Microsoft Visual Studio Solution File, Format Version 12.00
# Visual Studio Version 17
VisualStudioVersion = 17.1.32319.34
MinimumVisualStudioVersion = 10.0.40219.1
Project("{2150E333-8FDC-42A3-9474-1A3956D46DE8}") = "src", "src", "{047ED586-2F78-4765-9112-BE32A3B61A90}"
EndProject
Project("{2150E333-8FDC-42A3-9474-1A3956D46DE8}") = "Api", "Api", "{B3072913-D03E-49E5-98C8-280EBC433683}"
EndProject
Project("{2150E333-8FDC-42A3-9474-1A3956D46DE8}") = "Common", "Common", "{271074AC-1FC4-4486-B803-637F61A5105B}"
EndProject
Project("{9A19103F-16F7-4668-BE54-9A1E7A4F7556}") = "Bike.Api.WebApi", "src\Api\WebApi\Bike.Api.WebApi\Bike.Api.WebApi.csproj", "{C8B4C828-3F92-4C84-8AAE-23201FF762CD}"
EndProject
Project("{2150E333-8FDC-42A3-9474-1A3956D46DE8}") = "Core", "Core", "{8AE221A3-B6E1-46EE-B64F-26B58C18E3BE}"
EndProject
Project("{2150E333-8FDC-42A3-9474-1A3956D46DE8}") = "WebApi", "WebApi", "{3D7E2436-7B74-4D4A-BB20-7F4F6782AE06}"
EndProject
Project("{9A19103F-16F7-4668-BE54-9A1E7A4F7556}") = "Bike.Api.Application", "src\Api\Core\Bike.Api.Application\Bike.Api.Application.csproj", "{814F8921-1DCB-4F19-9E43-33E02593361E}"
EndProject
Project("{9A19103F-16F7-4668-BE54-9A1E7A4F7556}") = "Bike.Common", "src\Common\Bike.Common\Bike.Common.csproj", "{99753187-565B-455E-89C6-C94F5E0AEE79}"
EndProject
Project("{2150E333-8FDC-42A3-9474-1A3956D46DE8}") = "Test", "Test", "{E5C3913E-C947-4B59-843C-BDE84FB05C59}"
EndProject
Project("{9A19103F-16F7-4668-BE54-9A1E7A4F7556}") = "Bike.Api.Test", "src\Test\Bike.Api.Test\Bike.Api.Test.csproj", "{4427A2A2-31E7-4239-848D-8E07A47D7C30}"
EndProject
Global
	GlobalSection(SolutionConfigurationPlatforms) = preSolution
		Debug|Any CPU = Debug|Any CPU
		Release|Any CPU = Release|Any CPU
	EndGlobalSection
	GlobalSection(ProjectConfigurationPlatforms) = postSolution
		{C8B4C828-3F92-4C84-8AAE-23201FF762CD}.Debug|Any CPU.ActiveCfg = Debug|Any CPU
		{C8B4C828-3F92-4C84-8AAE-23201FF762CD}.Debug|Any CPU.Build.0 = Debug|Any CPU
		{C8B4C828-3F92-4C84-8AAE-23201FF762CD}.Release|Any CPU.ActiveCfg = Release|Any CPU
		{C8B4C828-3F92-4C84-8AAE-23201FF762CD}.Release|Any CPU.Build.0 = Release|Any CPU
		{814F8921-1DCB-4F19-9E43-33E02593361E}.Debug|Any CPU.ActiveCfg = Debug|Any CPU
		{814F8921-1DCB-4F19-9E43-33E02593361E}.Debug|Any CPU.Build.0 = Debug|Any CPU
		{814F8921-1DCB-4F19-9E43-33E02593361E}.Release|Any CPU.ActiveCfg = Release|Any CPU
		{814F8921-1DCB-4F19-9E43-33E02593361E}.Release|Any CPU.Build.0 = Release|Any CPU
		{99753187-565B-455E-89C6-C94F5E0AEE79}.Debug|Any CPU.ActiveCfg = Debug|Any CPU
		{99753187-565B-455E-89C6-C94F5E0AEE79}.Debug|Any CPU.Build.0 = Debug|Any CPU
		{99753187-565B-455E-89C6-C94F5E0AEE79}.Release|Any CPU.ActiveCfg = Release|Any CPU
		{99753187-565B-455E-89C6-C94F5E0AEE79}.Release|Any CPU.Build.0 = Release|Any CPU
		{4427A2A2-31E7-4239-848D-8E07A47D7C30}.Debug|Any CPU.ActiveCfg = Debug|Any CPU
		{4427A2A2-31E7-4239-848D-8E07A47D7C30}.Debug|Any CPU.Build.0 = Debug|Any CPU
		{4427A2A2-31E7-4239-848D-8E07A47D7C30}.Release|Any CPU.ActiveCfg = Release|Any CPU
		{4427A2A2-31E7-4239-848D-8E07A47D7C30}.Release|Any CPU.Build.0 = Release|Any CPU
	EndGlobalSection
	GlobalSection(SolutionProperties) = preSolution
		HideSolutionNode = FALSE
	EndGlobalSection
	GlobalSection(NestedProjects) = preSolution
		{B3072913-D03E-49E5-98C8-280EBC433683} = {047ED586-2F78-4765-9112-BE32A3B61A90}
		{271074AC-1FC4-4486-B803-637F61A5105B} = {047ED586-2F78-4765-9112-BE32A3B61A90}
		{C8B4C828-3F92-4C84-8AAE-23201FF762CD} = {3D7E2436-7B74-4D4A-BB20-7F4F6782AE06}
		{8AE221A3-B6E1-46EE-B64F-26B58C18E3BE} = {B3072913-D03E-49E5-98C8-280EBC433683}
		{3D7E2436-7B74-4D4A-BB20-7F4F6782AE06} = {B3072913-D03E-49E5-98C8-280EBC433683}
		{814F8921-1DCB-4F19-9E43-33E02593361E} = {8AE221A3-B6E1-46EE-B64F-26B58C18E3BE}
		{99753187-565B-455E-89C6-C94F5E0AEE79} = {271074AC-1FC4-4486-B803-637F61A5105B}
		{E5C3913E-C947-4B59-843C-BDE84FB05C59} = {047ED586-2F78-4765-9112-BE32A3B61A90}
		{4427A2A2-31E7-4239-848D-8E07A47D7C30} = {E5C3913E-C947-4B59-843C-BDE84FB05C59}
	EndGlobalSection
	GlobalSection(ExtensibilityGlobals) = postSolution
		SolutionGuid = {C81B2939-384A-45D8-9A99-5ECBA5197995}
	EndGlobalSection
EndGlobal
